
Microsoft Visual Studio Solution File, Format Version 12.00
# Visual Studio Version 17
VisualStudioVersion = 17.4.33122.133
MinimumVisualStudioVersion = 10.0.40219.1
Project("{FAE04EC0-301F-11D3-BF4B-00C04F79EFBC}") = "1016", "1016\1016.csproj", "{FDBEB07D-3E48-4022-8567-DFF99CCFA5A9}"
EndProject
Global
	GlobalSection(SolutionConfigurationPlatforms) = preSolution
		Debug|Any CPU = Debug|Any CPU
		Release|Any CPU = Release|Any CPU
	EndGlobalSection
	GlobalSection(ProjectConfigurationPlatforms) = postSolution
		{FDBEB07D-3E48-4022-8567-DFF99CCFA5A9}.Debug|Any CPU.ActiveCfg = Debug|Any CPU
		{FDBEB07D-3E48-4022-8567-DFF99CCFA5A9}.Debug|Any CPU.Build.0 = Debug|Any CPU
		{FDBEB07D-3E48-4022-8567-DFF99CCFA5A9}.Release|Any CPU.ActiveCfg = Release|Any CPU
		{FDBEB07D-3E48-4022-8567-DFF99CCFA5A9}.Release|Any CPU.Build.0 = Release|Any CPU
	EndGlobalSection
	GlobalSection(SolutionProperties) = preSolution
		HideSolutionNode = FALSE
	EndGlobalSection
	GlobalSection(ExtensibilityGlobals) = postSolution
		SolutionGuid = {E9A748EA-5CAA-46E6-ABF1-107F8B5A00FF}
	EndGlobalSection
EndGlobal
